
Microsoft Visual Studio Solution File, Format Version 12.00
# Visual Studio Version 17
VisualStudioVersion = 17.4.33110.190
MinimumVisualStudioVersion = 10.0.40219.1
Project("{FAE04EC0-301F-11D3-BF4B-00C04F79EFBC}") = "DateTimeTest", "DateTimeTest\DateTimeTest.csproj", "{69CB1B65-10ED-46F4-8B3E-B3666ED882DE}"
EndProject
Project("{9A19103F-16F7-4668-BE54-9A1E7A4F7556}") = "DateTimeTest_Net7", "DateTimeTest_Net7\DateTimeTest_Net7.csproj", "{B97F3667-3FC4-4F70-96A3-AFB3ADA4BD50}"
EndProject
Global
	GlobalSection(SolutionConfigurationPlatforms) = preSolution
		Debug|Any CPU = Debug|Any CPU
		Release|Any CPU = Release|Any CPU
	EndGlobalSection
	GlobalSection(ProjectConfigurationPlatforms) = postSolution
		{69CB1B65-10ED-46F4-8B3E-B3666ED882DE}.Debug|Any CPU.ActiveCfg = Debug|Any CPU
		{69CB1B65-10ED-46F4-8B3E-B3666ED882DE}.Debug|Any CPU.Build.0 = Debug|Any CPU
		{69CB1B65-10ED-46F4-8B3E-B3666ED882DE}.Release|Any CPU.ActiveCfg = Release|Any CPU
		{69CB1B65-10ED-46F4-8B3E-B3666ED882DE}.Release|Any CPU.Build.0 = Release|Any CPU
		{B97F3667-3FC4-4F70-96A3-AFB3ADA4BD50}.Debug|Any CPU.ActiveCfg = Debug|Any CPU
		{B97F3667-3FC4-4F70-96A3-AFB3ADA4BD50}.Debug|Any CPU.Build.0 = Debug|Any CPU
		{B97F3667-3FC4-4F70-96A3-AFB3ADA4BD50}.Release|Any CPU.ActiveCfg = Release|Any CPU
		{B97F3667-3FC4-4F70-96A3-AFB3ADA4BD50}.Release|Any CPU.Build.0 = Release|Any CPU
	EndGlobalSection
	GlobalSection(SolutionProperties) = preSolution
		HideSolutionNode = FALSE
	EndGlobalSection
	GlobalSection(ExtensibilityGlobals) = postSolution
		SolutionGuid = {0F1EDCAF-E03C-4D40-9C9F-7B94EDDCAC9D}
	EndGlobalSection
EndGlobal
